
Microsoft Visual Studio Solution File, Format Version 12.00
# Visual Studio Version 16
VisualStudioVersion = 16.0.30128.74
MinimumVisualStudioVersion = 10.0.40219.1
Project("{2150E333-8FDC-42A3-9474-1A3956D46DE8}") = "src", "src", "{D7AB8359-41E5-44DD-ACE0-581131335CE2}"
EndProject
Project("{2150E333-8FDC-42A3-9474-1A3956D46DE8}") = "Building Blocks", "Building Blocks", "{A60EE13A-8EBB-4834-A73A-B7375E55D05D}"
EndProject
Project("{2150E333-8FDC-42A3-9474-1A3956D46DE8}") = "Services", "Services", "{8065987C-027D-4C7A-A3E5-D6C361848291}"
EndProject
Project("{2150E333-8FDC-42A3-9474-1A3956D46DE8}") = "Web", "Web", "{2E03760A-3794-4F4B-8521-739AEF9BAACB}"
EndProject
Project("{2150E333-8FDC-42A3-9474-1A3956D46DE8}") = "Identidade", "Identidade", "{1F03033C-F7C4-4452-B7FA-F67BBECEC854}"
EndProject
Project("{9A19103F-16F7-4668-BE54-9A1E7A4F7556}") = "NSE.Identidade.API", "src\services\NSE.Identidade.API\NSE.Identidade.API.csproj", "{10C7D18C-FDBA-409F-9C6F-54152569EBEB}"
EndProject
Project("{2150E333-8FDC-42A3-9474-1A3956D46DE8}") = "MVC", "MVC", "{0564ADE0-96FA-48B6-AC06-47BE6205D512}"
EndProject
Project("{9A19103F-16F7-4668-BE54-9A1E7A4F7556}") = "NSE.WebApp.MVC", "src\web\NSE.WebApp.MVC\NSE.WebApp.MVC.csproj", "{DBB017DD-0E7A-47C0-A82F-F5EF77BDE4AD}"
EndProject
Project("{2150E333-8FDC-42A3-9474-1A3956D46DE8}") = "Core", "Core", "{950D2126-E604-4CE5-9271-3B26DA8321D3}"
EndProject
Project("{9A19103F-16F7-4668-BE54-9A1E7A4F7556}") = "NSE.Core", "src\building blocks\NSE.Core\NSE.Core.csproj", "{3DDBE302-E5C4-4A9D-B669-1880C0C233DA}"
EndProject
Project("{2150E333-8FDC-42A3-9474-1A3956D46DE8}") = "Carrinho", "Carrinho", "{93FE843D-10DD-49B0-96D8-94419A8E8A8C}"
EndProject
Project("{9A19103F-16F7-4668-BE54-9A1E7A4F7556}") = "NSE.Carrinho.API", "src\services\NSE.Carrinho.API\NSE.Carrinho.API.csproj", "{6420257E-3DCA-4DBD-887C-CFBC7CA4E948}"
EndProject
Project("{2150E333-8FDC-42A3-9474-1A3956D46DE8}") = "Catalogo", "Catalogo", "{40CED483-9E56-47B5-A64C-74D678B80569}"
EndProject
Project("{9A19103F-16F7-4668-BE54-9A1E7A4F7556}") = "NSE.Catalogo.API", "src\services\NSE.Catalogo.API\NSE.Catalogo.API.csproj", "{42A148ED-27EF-4727-8416-8FBC64FCE675}"
EndProject
Project("{2150E333-8FDC-42A3-9474-1A3956D46DE8}") = "Cliente", "Cliente", "{0FAE2207-67E5-49D8-B248-52C1151CDBFB}"
EndProject
Project("{9A19103F-16F7-4668-BE54-9A1E7A4F7556}") = "NSE.Cliente.API", "src\services\NSE.Cliente.API\NSE.Cliente.API.csproj", "{AF46F9DF-6BE1-49A4-9380-76510C4390BE}"
EndProject
Project("{2150E333-8FDC-42A3-9474-1A3956D46DE8}") = "Pagamento", "Pagamento", "{792B2E41-254D-44E9-9E66-709EE5E516C5}"
EndProject
Project("{9A19103F-16F7-4668-BE54-9A1E7A4F7556}") = "NSE.Pagamento.API", "src\services\NSE.Pagamento.API\NSE.Pagamento.API.csproj", "{5265A7A3-432B-4FB5-B19C-E0C0A6A8BF98}"
EndProject
Project("{2150E333-8FDC-42A3-9474-1A3956D46DE8}") = "Pedido", "Pedido", "{EB71CA73-7626-4586-B249-5ADDC5E13012}"
EndProject
Project("{9A19103F-16F7-4668-BE54-9A1E7A4F7556}") = "NSE.Pedido.API", "src\services\NSE.Pedido.API\NSE.Pedido.API.csproj", "{3A16601C-8974-44A6-94FD-7DE3B4BA8161}"
EndProject
Project("{2150E333-8FDC-42A3-9474-1A3956D46DE8}") = "Services", "Services", "{113E15B1-6B64-4AEF-9F0C-356FEFDAD7D5}"
EndProject
Project("{FAE04EC0-301F-11D3-BF4B-00C04F79EFBC}") = "NSE.WebAPI.Core", "src\building blocks\NSE.WebAPI.Core\NSE.WebAPI.Core.csproj", "{4A678B0F-AD00-4F4D-8F79-D375D80D011E}"
EndProject
Global
	GlobalSection(SolutionConfigurationPlatforms) = preSolution
		Debug|Any CPU = Debug|Any CPU
		Release|Any CPU = Release|Any CPU
	EndGlobalSection
	GlobalSection(ProjectConfigurationPlatforms) = postSolution
		{10C7D18C-FDBA-409F-9C6F-54152569EBEB}.Debug|Any CPU.ActiveCfg = Debug|Any CPU
		{10C7D18C-FDBA-409F-9C6F-54152569EBEB}.Debug|Any CPU.Build.0 = Debug|Any CPU
		{10C7D18C-FDBA-409F-9C6F-54152569EBEB}.Release|Any CPU.ActiveCfg = Release|Any CPU
		{10C7D18C-FDBA-409F-9C6F-54152569EBEB}.Release|Any CPU.Build.0 = Release|Any CPU
		{DBB017DD-0E7A-47C0-A82F-F5EF77BDE4AD}.Debug|Any CPU.ActiveCfg = Debug|Any CPU
		{DBB017DD-0E7A-47C0-A82F-F5EF77BDE4AD}.Debug|Any CPU.Build.0 = Debug|Any CPU
		{DBB017DD-0E7A-47C0-A82F-F5EF77BDE4AD}.Release|Any CPU.ActiveCfg = Release|Any CPU
		{DBB017DD-0E7A-47C0-A82F-F5EF77BDE4AD}.Release|Any CPU.Build.0 = Release|Any CPU
		{3DDBE302-E5C4-4A9D-B669-1880C0C233DA}.Debug|Any CPU.ActiveCfg = Debug|Any CPU
		{3DDBE302-E5C4-4A9D-B669-1880C0C233DA}.Debug|Any CPU.Build.0 = Debug|Any CPU
		{3DDBE302-E5C4-4A9D-B669-1880C0C233DA}.Release|Any CPU.ActiveCfg = Release|Any CPU
		{3DDBE302-E5C4-4A9D-B669-1880C0C233DA}.Release|Any CPU.Build.0 = Release|Any CPU
		{6420257E-3DCA-4DBD-887C-CFBC7CA4E948}.Debug|Any CPU.ActiveCfg = Debug|Any CPU
		{6420257E-3DCA-4DBD-887C-CFBC7CA4E948}.Debug|Any CPU.Build.0 = Debug|Any CPU
		{6420257E-3DCA-4DBD-887C-CFBC7CA4E948}.Release|Any CPU.ActiveCfg = Release|Any CPU
		{6420257E-3DCA-4DBD-887C-CFBC7CA4E948}.Release|Any CPU.Build.0 = Release|Any CPU
		{42A148ED-27EF-4727-8416-8FBC64FCE675}.Debug|Any CPU.ActiveCfg = Debug|Any CPU
		{42A148ED-27EF-4727-8416-8FBC64FCE675}.Debug|Any CPU.Build.0 = Debug|Any CPU
		{42A148ED-27EF-4727-8416-8FBC64FCE675}.Release|Any CPU.ActiveCfg = Release|Any CPU
		{42A148ED-27EF-4727-8416-8FBC64FCE675}.Release|Any CPU.Build.0 = Release|Any CPU
		{AF46F9DF-6BE1-49A4-9380-76510C4390BE}.Debug|Any CPU.ActiveCfg = Debug|Any CPU
		{AF46F9DF-6BE1-49A4-9380-76510C4390BE}.Debug|Any CPU.Build.0 = Debug|Any CPU
		{AF46F9DF-6BE1-49A4-9380-76510C4390BE}.Release|Any CPU.ActiveCfg = Release|Any CPU
		{AF46F9DF-6BE1-49A4-9380-76510C4390BE}.Release|Any CPU.Build.0 = Release|Any CPU
		{5265A7A3-432B-4FB5-B19C-E0C0A6A8BF98}.Debug|Any CPU.ActiveCfg = Debug|Any CPU
		{5265A7A3-432B-4FB5-B19C-E0C0A6A8BF98}.Debug|Any CPU.Build.0 = Debug|Any CPU
		{5265A7A3-432B-4FB5-B19C-E0C0A6A8BF98}.Release|Any CPU.ActiveCfg = Release|Any CPU
		{5265A7A3-432B-4FB5-B19C-E0C0A6A8BF98}.Release|Any CPU.Build.0 = Release|Any CPU
		{3A16601C-8974-44A6-94FD-7DE3B4BA8161}.Debug|Any CPU.ActiveCfg = Debug|Any CPU
		{3A16601C-8974-44A6-94FD-7DE3B4BA8161}.Debug|Any CPU.Build.0 = Debug|Any CPU
		{3A16601C-8974-44A6-94FD-7DE3B4BA8161}.Release|Any CPU.ActiveCfg = Release|Any CPU
		{3A16601C-8974-44A6-94FD-7DE3B4BA8161}.Release|Any CPU.Build.0 = Release|Any CPU
		{4A678B0F-AD00-4F4D-8F79-D375D80D011E}.Debug|Any CPU.ActiveCfg = Debug|Any CPU
		{4A678B0F-AD00-4F4D-8F79-D375D80D011E}.Debug|Any CPU.Build.0 = Debug|Any CPU
		{4A678B0F-AD00-4F4D-8F79-D375D80D011E}.Release|Any CPU.ActiveCfg = Release|Any CPU
		{4A678B0F-AD00-4F4D-8F79-D375D80D011E}.Release|Any CPU.Build.0 = Release|Any CPU
	EndGlobalSection
	GlobalSection(SolutionProperties) = preSolution
		HideSolutionNode = FALSE
	EndGlobalSection
	GlobalSection(NestedProjects) = preSolution
		{A60EE13A-8EBB-4834-A73A-B7375E55D05D} = {D7AB8359-41E5-44DD-ACE0-581131335CE2}
		{8065987C-027D-4C7A-A3E5-D6C361848291} = {D7AB8359-41E5-44DD-ACE0-581131335CE2}
		{2E03760A-3794-4F4B-8521-739AEF9BAACB} = {D7AB8359-41E5-44DD-ACE0-581131335CE2}
		{1F03033C-F7C4-4452-B7FA-F67BBECEC854} = {8065987C-027D-4C7A-A3E5-D6C361848291}
		{10C7D18C-FDBA-409F-9C6F-54152569EBEB} = {1F03033C-F7C4-4452-B7FA-F67BBECEC854}
		{0564ADE0-96FA-48B6-AC06-47BE6205D512} = {2E03760A-3794-4F4B-8521-739AEF9BAACB}
		{DBB017DD-0E7A-47C0-A82F-F5EF77BDE4AD} = {0564ADE0-96FA-48B6-AC06-47BE6205D512}
		{950D2126-E604-4CE5-9271-3B26DA8321D3} = {A60EE13A-8EBB-4834-A73A-B7375E55D05D}
		{3DDBE302-E5C4-4A9D-B669-1880C0C233DA} = {950D2126-E604-4CE5-9271-3B26DA8321D3}
		{93FE843D-10DD-49B0-96D8-94419A8E8A8C} = {8065987C-027D-4C7A-A3E5-D6C361848291}
		{6420257E-3DCA-4DBD-887C-CFBC7CA4E948} = {93FE843D-10DD-49B0-96D8-94419A8E8A8C}
		{40CED483-9E56-47B5-A64C-74D678B80569} = {8065987C-027D-4C7A-A3E5-D6C361848291}
		{42A148ED-27EF-4727-8416-8FBC64FCE675} = {40CED483-9E56-47B5-A64C-74D678B80569}
		{0FAE2207-67E5-49D8-B248-52C1151CDBFB} = {8065987C-027D-4C7A-A3E5-D6C361848291}
		{AF46F9DF-6BE1-49A4-9380-76510C4390BE} = {0FAE2207-67E5-49D8-B248-52C1151CDBFB}
		{792B2E41-254D-44E9-9E66-709EE5E516C5} = {8065987C-027D-4C7A-A3E5-D6C361848291}
		{5265A7A3-432B-4FB5-B19C-E0C0A6A8BF98} = {792B2E41-254D-44E9-9E66-709EE5E516C5}
		{EB71CA73-7626-4586-B249-5ADDC5E13012} = {8065987C-027D-4C7A-A3E5-D6C361848291}
		{3A16601C-8974-44A6-94FD-7DE3B4BA8161} = {EB71CA73-7626-4586-B249-5ADDC5E13012}
		{113E15B1-6B64-4AEF-9F0C-356FEFDAD7D5} = {A60EE13A-8EBB-4834-A73A-B7375E55D05D}
		{4A678B0F-AD00-4F4D-8F79-D375D80D011E} = {113E15B1-6B64-4AEF-9F0C-356FEFDAD7D5}
	EndGlobalSection
	GlobalSection(ExtensibilityGlobals) = postSolution
		SolutionGuid = {83EEEC8C-A945-4090-922C-79EC2D8353DE}
	EndGlobalSection
EndGlobal
